{
  "name": "@workspace/integrations-anthropic-ai",
  "version": "0.0.0",
  "lockfileVersion": 3,
  "requires": true,
  "packages": {
    "": {
      "name": "@workspace/integrations-anthropic-ai",
      "version": "0.0.0",
      "dependencies": {
        "@anthropic-ai/sdk": "^0.78.0",
        "p-limit": "^7.3.0",
        "p-retry": "^4.6.2"
      },
      "devDependencies": {
        "@types/node": "^25.6.0"
      }
    },
    "../../node_modules/.pnpm/@anthropic-ai+sdk@0.78.0_zod@4.3.6/node_modules/@anthropic-ai/sdk": {
      "version": "0.78.0",
      "license": "MIT",
      "dependencies": {
        "json-schema-to-ts": "^3.1.1"
      },
      "bin": {
        "anthropic-ai-sdk": "bin/cli"
      },
      "peerDependencies": {
        "zod": "^3.25.0 || ^4.0.0"
      },
      "peerDependenciesMeta": {
        "zod": {
          "optional": true
        }
      }
    },
    "../../node_modules/.pnpm/p-limit@7.3.0/node_modules/p-limit": {
      "version": "7.3.0",
      "license": "MIT",
      "dependencies": {
        "yocto-queue": "^1.2.1"
      },
      "devDependencies": {
        "ava": "^6.4.1",
        "in-range": "^3.0.0",
        "random-int": "^3.0.0",
        "time-span": "^5.1.0",
        "tsd": "^0.33.0",
        "xo": "^1.2.1"
      },
      "engines": {
        "node": ">=20"
      },
      "funding": {
        "url": "https://github.com/sponsors/sindresorhus"
      }
    },
    "node_modules/@anthropic-ai/sdk": {
      "resolved": "../../node_modules/.pnpm/@anthropic-ai+sdk@0.78.0_zod@4.3.6/node_modules/@anthropic-ai/sdk",
      "link": true
    },
    "node_modules/@types/node": {
      "version": "25.6.0",
      "resolved": "https://registry.npmjs.org/@types/node/-/node-25.6.0.tgz",
      "integrity": "sha512-+qIYRKdNYJwY3vRCZMdJbPLJAtGjQBudzZzdzwQYkEPQd+PJGixUL5QfvCLDaULoLv+RhT3LDkwEfKaAkgSmNQ==",
      "dev": true,
      "dependencies": {
        "undici-types": "~7.19.0"
      }
    },
    "node_modules/@types/retry": {
      "version": "0.12.0",
      "resolved": "https://registry.npmjs.org/@types/retry/-/retry-0.12.0.tgz",
      "integrity": "sha512-wWKOClTTiizcZhXnPY4wikVAwmdYHp8q6DmC+EJUzAMsycb7HB32Kh9RN4+0gExjmPmZSAQjgURXIGATPegAvA=="
    },
    "node_modules/p-limit": {
      "resolved": "../../node_modules/.pnpm/p-limit@7.3.0/node_modules/p-limit",
      "link": true
    },
    "node_modules/p-retry": {
      "version": "4.6.2",
      "resolved": "https://registry.npmjs.org/p-retry/-/p-retry-4.6.2.tgz",
      "integrity": "sha512-312Id396EbJdvRONlngUx0NydfrIQ5lsYu0znKVUzVvArzEIt08V1qhtyESbGVd1FGX7UKtiFp5uwKZdM8wIuQ==",
      "dependencies": {
        "@types/retry": "0.12.0",
        "retry": "^0.13.1"
      },
      "engines": {
        "node": ">=8"
      }
    },
    "node_modules/retry": {
      "version": "0.13.1",
      "resolved": "https://registry.npmjs.org/retry/-/retry-0.13.1.tgz",
      "integrity": "sha512-XQBQ3I8W1Cge0Seh+6gjj03LbmRFWuoszgK9ooCpwYIrhhoO80pfq4cUkU5DkknwfOfFteRwlZ56PYOGYyFWdg==",
      "engines": {
        "node": ">= 4"
      }
    },
    "node_modules/undici-types": {
      "version": "7.19.2",
      "resolved": "https://registry.npmjs.org/undici-types/-/undici-types-7.19.2.tgz",
      "integrity": "sha512-qYVnV5OEm2AW8cJMCpdV20CDyaN3g0AjDlOGf1OW4iaDEx8MwdtChUp4zu4H0VP3nDRF/8RKWH+IPp9uW0YGZg==",
      "dev": true
    }
  }
}
